
Microsoft Visual Studio Solution File, Format Version 12.00
# Visual Studio Version 16
VisualStudioVersion = 25.0.1706.9
MinimumVisualStudioVersion = 10.0.40219.1
Project("{FAE04EC0-301F-11D3-BF4B-00C04F79EFBC}") = "AuthenticPosts", "AuthenticPosts\AuthenticPosts.csproj", "{A066B368-8482-4732-91B1-42C372F965E6}"
EndProject
Project("{2150E333-8FDC-42A3-9474-1A3956D46DE8}") = "Solution Items", "Solution Items", "{45A6F8AF-2726-49C7-9E46-27794C0DCD21}"
	ProjectSection(SolutionItems) = preProject
		README.md = README.md
	EndProjectSection
EndProject
Project("{FAE04EC0-301F-11D3-BF4B-00C04F79EFBC}") = "Consumer", "Consumer\Consumer.csproj", "{BB2A775E-DA5E-44A4-8515-452B5C4AC584}"
EndProject
Global
	GlobalSection(SolutionConfigurationPlatforms) = preSolution
		Debug|Any CPU = Debug|Any CPU
		Release|Any CPU = Release|Any CPU
	EndGlobalSection
	GlobalSection(ProjectConfigurationPlatforms) = postSolution
		{A066B368-8482-4732-91B1-42C372F965E6}.Debug|Any CPU.ActiveCfg = Debug|Any CPU
		{A066B368-8482-4732-91B1-42C372F965E6}.Debug|Any CPU.Build.0 = Debug|Any CPU
		{A066B368-8482-4732-91B1-42C372F965E6}.Release|Any CPU.ActiveCfg = Release|Any CPU
		{A066B368-8482-4732-91B1-42C372F965E6}.Release|Any CPU.Build.0 = Release|Any CPU
		{BB2A775E-DA5E-44A4-8515-452B5C4AC584}.Debug|Any CPU.ActiveCfg = Debug|Any CPU
		{BB2A775E-DA5E-44A4-8515-452B5C4AC584}.Debug|Any CPU.Build.0 = Debug|Any CPU
		{BB2A775E-DA5E-44A4-8515-452B5C4AC584}.Release|Any CPU.ActiveCfg = Release|Any CPU
		{BB2A775E-DA5E-44A4-8515-452B5C4AC584}.Release|Any CPU.Build.0 = Release|Any CPU
	EndGlobalSection
	GlobalSection(SolutionProperties) = preSolution
		HideSolutionNode = FALSE
	EndGlobalSection
	GlobalSection(ExtensibilityGlobals) = postSolution
		SolutionGuid = {EBC44CA0-DCDD-4DA1-99FD-47CDA6B22BCA}
	EndGlobalSection
EndGlobal
